
Microsoft Visual Studio Solution File, Format Version 12.00
# Visual Studio Version 16
VisualStudioVersion = 16.0.31205.134
MinimumVisualStudioVersion = 10.0.40219.1
Project("{FAE04EC0-301F-11D3-BF4B-00C04F79EFBC}") = "MensaBestellung", "MensaBestellung\MensaBestellung.csproj", "{A5A4BE68-32DC-4913-90D6-9EC837B75795}"
EndProject
Project("{FAE04EC0-301F-11D3-BF4B-00C04F79EFBC}") = "DataBaseWrapper", "DataBaseWrapper\DataBaseWrapper.csproj", "{173256B5-3433-4B0D-954B-DF127A307F96}"
EndProject
Global
	GlobalSection(SolutionConfigurationPlatforms) = preSolution
		Debug|Any CPU = Debug|Any CPU
		Release|Any CPU = Release|Any CPU
	EndGlobalSection
	GlobalSection(ProjectConfigurationPlatforms) = postSolution
		{A5A4BE68-32DC-4913-90D6-9EC837B75795}.Debug|Any CPU.ActiveCfg = Debug|Any CPU
		{A5A4BE68-32DC-4913-90D6-9EC837B75795}.Debug|Any CPU.Build.0 = Debug|Any CPU
		{A5A4BE68-32DC-4913-90D6-9EC837B75795}.Release|Any CPU.ActiveCfg = Release|Any CPU
		{A5A4BE68-32DC-4913-90D6-9EC837B75795}.Release|Any CPU.Build.0 = Release|Any CPU
		{173256B5-3433-4B0D-954B-DF127A307F96}.Debug|Any CPU.ActiveCfg = Debug|Any CPU
		{173256B5-3433-4B0D-954B-DF127A307F96}.Debug|Any CPU.Build.0 = Debug|Any CPU
		{173256B5-3433-4B0D-954B-DF127A307F96}.Release|Any CPU.ActiveCfg = Release|Any CPU
		{173256B5-3433-4B0D-954B-DF127A307F96}.Release|Any CPU.Build.0 = Release|Any CPU
	EndGlobalSection
	GlobalSection(SolutionProperties) = preSolution
		HideSolutionNode = FALSE
	EndGlobalSection
	GlobalSection(ExtensibilityGlobals) = postSolution
		SolutionGuid = {ED45A8D5-C993-4D8A-A030-F2A3F4CF4D5C}
	EndGlobalSection
EndGlobal
